
Microsoft Visual Studio Solution File, Format Version 12.00
# Visual Studio Version 16
VisualStudioVersion = 16.0.29102.190
MinimumVisualStudioVersion = 10.0.40219.1
Project("{9A19103F-16F7-4668-BE54-9A1E7A4F7556}") = "Tarscord.Core", "src\Tarscord.Core\Tarscord.Core.csproj", "{D44364F2-9C2A-4C32-A083-7E2026557FA0}"
EndProject
Project("{9A19103F-16F7-4668-BE54-9A1E7A4F7556}") = "Tarscord.Persistence", "src\Tarscord.Persistence\Tarscord.Persistence.csproj", "{DF74A589-8594-47E5-BA94-A5CED69ABBB2}"
EndProject
Project("{9A19103F-16F7-4668-BE54-9A1E7A4F7556}") = "Tarscord.Core.Tests", "tests\Tarscord.Core.Tests\Tarscord.Core.Tests.csproj", "{0465984A-3D61-45DC-8316-F818107F1105}"
EndProject
Project("{9A19103F-16F7-4668-BE54-9A1E7A4F7556}") = "Tarscord.Persistence.Tests", "tests\Tarscord.Persistence.Tests\Tarscord.Persistence.Tests.csproj", "{73195D06-D7ED-4D4B-AC09-942F79ECA780}"
EndProject
Project("{9A19103F-16F7-4668-BE54-9A1E7A4F7556}") = "Tarscord.Persistence.Entities", "src\Tarscord.Persistence.Entities\Tarscord.Persistence.Entities.csproj", "{D800A1A3-2274-4716-B59F-B818FCA38D60}"
EndProject
Project("{9A19103F-16F7-4668-BE54-9A1E7A4F7556}") = "Tarscord.Application.Mapping", "src\Tarscord.Application.Mapping\Tarscord.Application.Mapping.csproj", "{958FB4B3-476A-46BC-88D9-3E29D365C111}"
EndProject
Project("{9A19103F-16F7-4668-BE54-9A1E7A4F7556}") = "Tarscord.Application.Models", "src\Tarscord.Application.Models\Tarscord.Application.Models.csproj", "{D2A52BEF-4902-4C1D-A0E6-1637A85CD354}"
EndProject
Project("{9A19103F-16F7-4668-BE54-9A1E7A4F7556}") = "Tarscord.Application.Services", "src\Tarscord.Application.Services\Tarscord.Application.Services.csproj", "{A29071B4-1591-4DC2-A680-DA4654D99542}"
EndProject
Project("{2150E333-8FDC-42A3-9474-1A3956D46DE8}") = "Persistence", "Persistence", "{4948CE66-3309-40BB-8B0A-AFAC222EF8A4}"
EndProject
Project("{2150E333-8FDC-42A3-9474-1A3956D46DE8}") = "Application", "Application", "{D8970922-BEFA-4B48-9057-23D212853295}"
EndProject
Project("{9A19103F-16F7-4668-BE54-9A1E7A4F7556}") = "Tarscord.Application.ML", "src\Tarscord.Application.ML\Tarscord.Application.ML.csproj", "{AD10AD74-63E4-4961-817C-A4B8CAD9A227}"
EndProject
Project("{2150E333-8FDC-42A3-9474-1A3956D46DE8}") = "Core", "Core", "{1CB7BB47-6B38-443E-BE11-FFC6E288425D}"
EndProject
Project("{FAE04EC0-301F-11D3-BF4B-00C04F79EFBC}") = "Tarscord.Application.Services.Tests", "tests\Tarscord.Application.Services.Tests\Tarscord.Application.Services.Tests.csproj", "{B13740BB-0FD7-4102-A4B5-0163DC929E5B}"
EndProject
Project("{2150E333-8FDC-42A3-9474-1A3956D46DE8}") = "Common", "Common", "{C84DF8F5-2D85-45F3-8367-4F3B1FC6A648}"
EndProject
Project("{FAE04EC0-301F-11D3-BF4B-00C04F79EFBC}") = "Tarscord.Common.Mapping", "src\Tarscord.Common.Mapping\Tarscord.Common.Mapping.csproj", "{6915CDB6-4AC9-48BA-9586-AE5ABDD7F378}"
EndProject
Global
	GlobalSection(SolutionConfigurationPlatforms) = preSolution
		Debug|Any CPU = Debug|Any CPU
		Release|Any CPU = Release|Any CPU
	EndGlobalSection
	GlobalSection(ProjectConfigurationPlatforms) = postSolution
		{D44364F2-9C2A-4C32-A083-7E2026557FA0}.Debug|Any CPU.ActiveCfg = Debug|Any CPU
		{D44364F2-9C2A-4C32-A083-7E2026557FA0}.Debug|Any CPU.Build.0 = Debug|Any CPU
		{D44364F2-9C2A-4C32-A083-7E2026557FA0}.Release|Any CPU.ActiveCfg = Release|Any CPU
		{D44364F2-9C2A-4C32-A083-7E2026557FA0}.Release|Any CPU.Build.0 = Release|Any CPU
		{DF74A589-8594-47E5-BA94-A5CED69ABBB2}.Debug|Any CPU.ActiveCfg = Debug|Any CPU
		{DF74A589-8594-47E5-BA94-A5CED69ABBB2}.Debug|Any CPU.Build.0 = Debug|Any CPU
		{DF74A589-8594-47E5-BA94-A5CED69ABBB2}.Release|Any CPU.ActiveCfg = Release|Any CPU
		{DF74A589-8594-47E5-BA94-A5CED69ABBB2}.Release|Any CPU.Build.0 = Release|Any CPU
		{0465984A-3D61-45DC-8316-F818107F1105}.Debug|Any CPU.ActiveCfg = Debug|Any CPU
		{0465984A-3D61-45DC-8316-F818107F1105}.Debug|Any CPU.Build.0 = Debug|Any CPU
		{0465984A-3D61-45DC-8316-F818107F1105}.Release|Any CPU.ActiveCfg = Release|Any CPU
		{0465984A-3D61-45DC-8316-F818107F1105}.Release|Any CPU.Build.0 = Release|Any CPU
		{73195D06-D7ED-4D4B-AC09-942F79ECA780}.Debug|Any CPU.ActiveCfg = Debug|Any CPU
		{73195D06-D7ED-4D4B-AC09-942F79ECA780}.Debug|Any CPU.Build.0 = Debug|Any CPU
		{73195D06-D7ED-4D4B-AC09-942F79ECA780}.Release|Any CPU.ActiveCfg = Release|Any CPU
		{73195D06-D7ED-4D4B-AC09-942F79ECA780}.Release|Any CPU.Build.0 = Release|Any CPU
		{D800A1A3-2274-4716-B59F-B818FCA38D60}.Debug|Any CPU.ActiveCfg = Debug|Any CPU
		{D800A1A3-2274-4716-B59F-B818FCA38D60}.Debug|Any CPU.Build.0 = Debug|Any CPU
		{D800A1A3-2274-4716-B59F-B818FCA38D60}.Release|Any CPU.ActiveCfg = Release|Any CPU
		{D800A1A3-2274-4716-B59F-B818FCA38D60}.Release|Any CPU.Build.0 = Release|Any CPU
		{958FB4B3-476A-46BC-88D9-3E29D365C111}.Debug|Any CPU.ActiveCfg = Debug|Any CPU
		{958FB4B3-476A-46BC-88D9-3E29D365C111}.Debug|Any CPU.Build.0 = Debug|Any CPU
		{958FB4B3-476A-46BC-88D9-3E29D365C111}.Release|Any CPU.ActiveCfg = Release|Any CPU
		{958FB4B3-476A-46BC-88D9-3E29D365C111}.Release|Any CPU.Build.0 = Release|Any CPU
		{D2A52BEF-4902-4C1D-A0E6-1637A85CD354}.Debug|Any CPU.ActiveCfg = Debug|Any CPU
		{D2A52BEF-4902-4C1D-A0E6-1637A85CD354}.Debug|Any CPU.Build.0 = Debug|Any CPU
		{D2A52BEF-4902-4C1D-A0E6-1637A85CD354}.Release|Any CPU.ActiveCfg = Release|Any CPU
		{D2A52BEF-4902-4C1D-A0E6-1637A85CD354}.Release|Any CPU.Build.0 = Release|Any CPU
		{A29071B4-1591-4DC2-A680-DA4654D99542}.Debug|Any CPU.ActiveCfg = Debug|Any CPU
		{A29071B4-1591-4DC2-A680-DA4654D99542}.Debug|Any CPU.Build.0 = Debug|Any CPU
		{A29071B4-1591-4DC2-A680-DA4654D99542}.Release|Any CPU.ActiveCfg = Release|Any CPU
		{A29071B4-1591-4DC2-A680-DA4654D99542}.Release|Any CPU.Build.0 = Release|Any CPU
		{AD10AD74-63E4-4961-817C-A4B8CAD9A227}.Debug|Any CPU.ActiveCfg = Debug|Any CPU
		{AD10AD74-63E4-4961-817C-A4B8CAD9A227}.Debug|Any CPU.Build.0 = Debug|Any CPU
		{AD10AD74-63E4-4961-817C-A4B8CAD9A227}.Release|Any CPU.ActiveCfg = Release|Any CPU
		{AD10AD74-63E4-4961-817C-A4B8CAD9A227}.Release|Any CPU.Build.0 = Release|Any CPU
		{B13740BB-0FD7-4102-A4B5-0163DC929E5B}.Debug|Any CPU.ActiveCfg = Debug|Any CPU
		{B13740BB-0FD7-4102-A4B5-0163DC929E5B}.Debug|Any CPU.Build.0 = Debug|Any CPU
		{B13740BB-0FD7-4102-A4B5-0163DC929E5B}.Release|Any CPU.ActiveCfg = Release|Any CPU
		{B13740BB-0FD7-4102-A4B5-0163DC929E5B}.Release|Any CPU.Build.0 = Release|Any CPU
		{6915CDB6-4AC9-48BA-9586-AE5ABDD7F378}.Debug|Any CPU.ActiveCfg = Debug|Any CPU
		{6915CDB6-4AC9-48BA-9586-AE5ABDD7F378}.Debug|Any CPU.Build.0 = Debug|Any CPU
		{6915CDB6-4AC9-48BA-9586-AE5ABDD7F378}.Release|Any CPU.ActiveCfg = Release|Any CPU
		{6915CDB6-4AC9-48BA-9586-AE5ABDD7F378}.Release|Any CPU.Build.0 = Release|Any CPU
	EndGlobalSection
	GlobalSection(SolutionProperties) = preSolution
		HideSolutionNode = FALSE
	EndGlobalSection
	GlobalSection(NestedProjects) = preSolution
		{D44364F2-9C2A-4C32-A083-7E2026557FA0} = {1CB7BB47-6B38-443E-BE11-FFC6E288425D}
		{DF74A589-8594-47E5-BA94-A5CED69ABBB2} = {4948CE66-3309-40BB-8B0A-AFAC222EF8A4}
		{0465984A-3D61-45DC-8316-F818107F1105} = {1CB7BB47-6B38-443E-BE11-FFC6E288425D}
		{73195D06-D7ED-4D4B-AC09-942F79ECA780} = {4948CE66-3309-40BB-8B0A-AFAC222EF8A4}
		{D800A1A3-2274-4716-B59F-B818FCA38D60} = {4948CE66-3309-40BB-8B0A-AFAC222EF8A4}
		{958FB4B3-476A-46BC-88D9-3E29D365C111} = {D8970922-BEFA-4B48-9057-23D212853295}
		{D2A52BEF-4902-4C1D-A0E6-1637A85CD354} = {D8970922-BEFA-4B48-9057-23D212853295}
		{A29071B4-1591-4DC2-A680-DA4654D99542} = {D8970922-BEFA-4B48-9057-23D212853295}
		{AD10AD74-63E4-4961-817C-A4B8CAD9A227} = {D8970922-BEFA-4B48-9057-23D212853295}
		{B13740BB-0FD7-4102-A4B5-0163DC929E5B} = {D8970922-BEFA-4B48-9057-23D212853295}
		{6915CDB6-4AC9-48BA-9586-AE5ABDD7F378} = {C84DF8F5-2D85-45F3-8367-4F3B1FC6A648}
	EndGlobalSection
	GlobalSection(ExtensibilityGlobals) = postSolution
		SolutionGuid = {69310E05-3069-48D7-AC36-8585D6210C56}
	EndGlobalSection
EndGlobal
